
Microsoft Visual Studio Solution File, Format Version 12.00
# Visual Studio 14
VisualStudioVersion = 14.0.23107.0
MinimumVisualStudioVersion = 10.0.40219.1
Project("{FAE04EC0-301F-11D3-BF4B-00C04F79EFBC}") = "zhao0927", "zhao0927\zhao0927.csproj", "{0982A348-B89C-4CEB-B50E-90F8276039C3}"
EndProject
Project("{FAE04EC0-301F-11D3-BF4B-00C04F79EFBC}") = "Zhao.Domain", "Zhao.Domain\Zhao.Domain.csproj", "{ACEA7828-5F4C-4CBA-AD81-872180D29A02}"
EndProject
Project("{FAE04EC0-301F-11D3-BF4B-00C04F79EFBC}") = "zhao.Repository", "zhao.Repository\zhao.Repository.csproj", "{2EC08C3B-E278-4552-A0F7-EE983677E9F2}"
EndProject
Global
	GlobalSection(SolutionConfigurationPlatforms) = preSolution
		Debug|Any CPU = Debug|Any CPU
		Release|Any CPU = Release|Any CPU
	EndGlobalSection
	GlobalSection(ProjectConfigurationPlatforms) = postSolution
		{0982A348-B89C-4CEB-B50E-90F8276039C3}.Debug|Any CPU.ActiveCfg = Debug|Any CPU
		{0982A348-B89C-4CEB-B50E-90F8276039C3}.Debug|Any CPU.Build.0 = Debug|Any CPU
		{0982A348-B89C-4CEB-B50E-90F8276039C3}.Release|Any CPU.ActiveCfg = Release|Any CPU
		{0982A348-B89C-4CEB-B50E-90F8276039C3}.Release|Any CPU.Build.0 = Release|Any CPU
		{ACEA7828-5F4C-4CBA-AD81-872180D29A02}.Debug|Any CPU.ActiveCfg = Debug|Any CPU
		{ACEA7828-5F4C-4CBA-AD81-872180D29A02}.Debug|Any CPU.Build.0 = Debug|Any CPU
		{ACEA7828-5F4C-4CBA-AD81-872180D29A02}.Release|Any CPU.ActiveCfg = Release|Any CPU
		{ACEA7828-5F4C-4CBA-AD81-872180D29A02}.Release|Any CPU.Build.0 = Release|Any CPU
		{2EC08C3B-E278-4552-A0F7-EE983677E9F2}.Debug|Any CPU.ActiveCfg = Debug|Any CPU
		{2EC08C3B-E278-4552-A0F7-EE983677E9F2}.Debug|Any CPU.Build.0 = Debug|Any CPU
		{2EC08C3B-E278-4552-A0F7-EE983677E9F2}.Release|Any CPU.ActiveCfg = Release|Any CPU
		{2EC08C3B-E278-4552-A0F7-EE983677E9F2}.Release|Any CPU.Build.0 = Release|Any CPU
	EndGlobalSection
	GlobalSection(SolutionProperties) = preSolution
		HideSolutionNode = FALSE
	EndGlobalSection
EndGlobal
